
Microsoft Visual Studio Solution File, Format Version 12.00
# Visual Studio Version 16
VisualStudioVersion = 16.0.30225.117
MinimumVisualStudioVersion = 10.0.40219.1
Project("{FAE04EC0-301F-11D3-BF4B-00C04F79EFBC}") = "InheritanceAssign", "InheritanceAssign\InheritanceAssign.csproj", "{08D16BDA-1E83-4951-867A-7A9784559016}"
EndProject
Global
	GlobalSection(SolutionConfigurationPlatforms) = preSolution
		Debug|Any CPU = Debug|Any CPU
		Release|Any CPU = Release|Any CPU
	EndGlobalSection
	GlobalSection(ProjectConfigurationPlatforms) = postSolution
		{08D16BDA-1E83-4951-867A-7A9784559016}.Debug|Any CPU.ActiveCfg = Debug|Any CPU
		{08D16BDA-1E83-4951-867A-7A9784559016}.Debug|Any CPU.Build.0 = Debug|Any CPU
		{08D16BDA-1E83-4951-867A-7A9784559016}.Release|Any CPU.ActiveCfg = Release|Any CPU
		{08D16BDA-1E83-4951-867A-7A9784559016}.Release|Any CPU.Build.0 = Release|Any CPU
	EndGlobalSection
	GlobalSection(SolutionProperties) = preSolution
		HideSolutionNode = FALSE
	EndGlobalSection
	GlobalSection(ExtensibilityGlobals) = postSolution
		SolutionGuid = {A804D246-49B0-4895-A903-F3160AAF1F7F}
	EndGlobalSection
EndGlobal
