
Microsoft Visual Studio Solution File, Format Version 12.00
# Visual Studio Version 16
VisualStudioVersion = 16.0.30225.117
MinimumVisualStudioVersion = 10.0.40219.1
Project("{FAE04EC0-301F-11D3-BF4B-00C04F79EFBC}") = "ConsoleAnimal", "ConsoleAnimal\ConsoleAnimal.csproj", "{64C118E2-4667-4552-834D-9657AB6983D3}"
EndProject
Global
	GlobalSection(SolutionConfigurationPlatforms) = preSolution
		Debug|Any CPU = Debug|Any CPU
		Release|Any CPU = Release|Any CPU
	EndGlobalSection
	GlobalSection(ProjectConfigurationPlatforms) = postSolution
		{64C118E2-4667-4552-834D-9657AB6983D3}.Debug|Any CPU.ActiveCfg = Debug|Any CPU
		{64C118E2-4667-4552-834D-9657AB6983D3}.Debug|Any CPU.Build.0 = Debug|Any CPU
		{64C118E2-4667-4552-834D-9657AB6983D3}.Release|Any CPU.ActiveCfg = Release|Any CPU
		{64C118E2-4667-4552-834D-9657AB6983D3}.Release|Any CPU.Build.0 = Release|Any CPU
	EndGlobalSection
	GlobalSection(SolutionProperties) = preSolution
		HideSolutionNode = FALSE
	EndGlobalSection
	GlobalSection(ExtensibilityGlobals) = postSolution
		SolutionGuid = {87DDCE8D-3E09-404E-8A16-BF1FDD45447F}
	EndGlobalSection
EndGlobal
